// !$*UTF8*$!
{
	archiveVersion = 1;
	classes = {
	};
	objectVersion = 50;
	objects = {

/* Begin PBXBuildFile section */
		3A972B7520CAE11D0024D4FC /* AppDelegate.swift in Sources */ = {isa = PBXBuildFile; fileRef = 3A972B7420CAE11D0024D4FC /* AppDelegate.swift */; };
		3A972B7720CAE11D0024D4FC /* GameScene.sks in Resources */ = {isa = PBXBuildFile; fileRef = 3A972B7620CAE11D0024D4FC /* GameScene.sks */; };
		3A972B7920CAE11D0024D4FC /* Actions.sks in Resources */ = {isa = PBXBuildFile; fileRef = 3A972B7820CAE11D0024D4FC /* Actions.sks */; };
		3A972B7B20CAE11D0024D4FC /* GameScene.swift in Sources */ = {isa = PBXBuildFile; fileRef = 3A972B7A20CAE11D0024D4FC /* GameScene.swift */; };
		3A972B7D20CAE11D0024D4FC /* GameViewController.swift in Sources */ = {isa = PBXBuildFile; fileRef = 3A972B7C20CAE11D0024D4FC /* GameViewController.swift */; };
		3A972B8020CAE11D0024D4FC /* Main.storyboard in Resources */ = {isa = PBXBuildFile; fileRef = 3A972B7E20CAE11D0024D4FC /* Main.storyboard */; };
		3A972B8220CAE11F0024D4FC /* Assets.xcassets in Resources */ = {isa = PBXBuildFile; fileRef = 3A972B8120CAE11F0024D4FC /* Assets.xcassets */; };
		3A972B8520CAE11F0024D4FC /* LaunchScreen.storyboard in Resources */ = {isa = PBXBuildFile; fileRef = 3A972B8320CAE11F0024D4FC /* LaunchScreen.storyboard */; };
		3A972B9120CAE2A40024D4FC /* pipe2.png in Resources */ = {isa = PBXBuildFile; fileRef = 3A972B8C20CAE2A40024D4FC /* pipe2.png */; };
		3A972B9220CAE2A40024D4FC /* flappy1.png in Resources */ = {isa = PBXBuildFile; fileRef = 3A972B8D20CAE2A40024D4FC /* flappy1.png */; };
		3A972B9320CAE2A40024D4FC /* flappy2.png in Resources */ = {isa = PBXBuildFile; fileRef = 3A972B8E20CAE2A40024D4FC /* flappy2.png */; };
		3A972B9420CAE2A40024D4FC /* pipe1.png in Resources */ = {isa = PBXBuildFile; fileRef = 3A972B8F20CAE2A40024D4FC /* pipe1.png */; };
		3A972B9520CAE2A40024D4FC /* bg.png in Resources */ = {isa = PBXBuildFile; fileRef = 3A972B9020CAE2A40024D4FC /* bg.png */; };
/* End PBXBuildFile section */

/* Begin PBXFileReference section */
		3A972B7120CAE11D0024D4FC /* Flappy Bird.app */ = {isa = PBXFileReference; explicitFileType = wrapper.application; includeInIndex = 0; path = "Flappy Bird.app"; sourceTree = BUILT_PRODUCTS_DIR; };
		3A972B7420CAE11D0024D4FC /* AppDelegate.swift */ = {isa = PBXFileReference; lastKnownFileType = sourcecode.swift; path = AppDelegate.swift; sourceTree = "<group>"; };
		3A972B7620CAE11D0024D4FC /* GameScene.sks */ = {isa = PBXFileReference; lastKnownFileType = file.sks; path = GameScene.sks; sourceTree = "<group>"; };
		3A972B7820CAE11D0024D4FC /* Actions.sks */ = {isa = PBXFileReference; lastKnownFileType = file.sks; path = Actions.sks; sourceTree = "<group>"; };
		3A972B7A20CAE11D0024D4FC /* GameScene.swift */ = {isa = PBXFileReference; lastKnownFileType = sourcecode.swift; path = GameScene.swift; sourceTree = "<group>"; };
		3A972B7C20CAE11D0024D4FC /* GameViewController.swift */ = {isa = PBXFileReference; lastKnownFileType = sourcecode.swift; path = GameViewController.swift; sourceTree = "<group>"; };
		3A972B7F20CAE11D0024D4FC /* Base */ = {isa = PBXFileReference; lastKnownFileType = file.storyboard; name = Base; path = Base.lproj/Main.storyboard; sourceTree = "<group>"; };
		3A972B8120CAE11F0024D4FC /* Assets.xcassets */ = {isa = PBXFileReference; lastKnownFileType = folder.assetcatalog; path = Assets.xcassets; sourceTree = "<group>"; };
		3A972B8420CAE11F0024D4FC /* Base */ = {isa = PBXFileReference; lastKnownFileType = file.storyboard; name = Base; path = Base.lproj/LaunchScreen.storyboard; sourceTree = "<group>"; };
		3A972B8620CAE11F0024D4FC /* Info.plist */ = {isa = PBXFileReference; lastKnownFileType = text.plist.xml; path = Info.plist; sourceTree = "<group>"; };
		3A972B8C20CAE2A40024D4FC /* pipe2.png */ = {isa = PBXFileReference; lastKnownFileType = image.png; path = pipe2.png; sourceTree = "<group>"; };
		3A972B8D20CAE2A40024D4FC /* flappy1.png */ = {isa = PBXFileReference; lastKnownFileType = image.png; path = flappy1.png; sourceTree = "<group>"; };
		3A972B8E20CAE2A40024D4FC /* flappy2.png */ = {isa = PBXFileReference; lastKnownFileType = image.png; path = flappy2.png; sourceTree = "<group>"; };
		3A972B8F20CAE2A40024D4FC /* pipe1.png */ = {isa = PBXFileReference; lastKnownFileType = image.png; path = pipe1.png; sourceTree = "<group>"; };
		3A972B9020CAE2A40024D4FC /* bg.png */ = {isa = PBXFileReference; lastKnownFileType = image.png; path = bg.png; sourceTree = "<group>"; };
/* End PBXFileReference section */

/* Begin PBXFrameworksBuildPhase section */
		3A972B6E20CAE11D0024D4FC /* Frameworks */ = {
			isa = PBXFrameworksBuildPhase;
			buildActionMask = 2147483647;
			files = (
			);
			runOnlyForDeploymentPostprocessing = 0;
		};
/* End PBXFrameworksBuildPhase section */

/* Begin PBXGroup section */
		3A972B6820CAE11D0024D4FC = {
			isa = PBXGroup;
			children = (
				3A972B7320CAE11D0024D4FC /* Flappy Bird */,
				3A972B7220CAE11D0024D4FC /* Products */,
			);
			sourceTree = "<group>";
		};
		3A972B7220CAE11D0024D4FC /* Products */ = {
			isa = PBXGroup;
			children = (
				3A972B7120CAE11D0024D4FC /* Flappy Bird.app */,
			);
			name = Products;
			sourceTree = "<group>";
		};
		3A972B7320CAE11D0024D4FC /* Flappy Bird */ = {
			isa = PBXGroup;
			children = (
				3A972B7420CAE11D0024D4FC /* AppDelegate.swift */,
				3A972B7620CAE11D0024D4FC /* GameScene.sks */,
				3A972B7820CAE11D0024D4FC /* Actions.sks */,
				3A972B7A20CAE11D0024D4FC /* GameScene.swift */,
				3A972B7C20CAE11D0024D4FC /* GameViewController.swift */,
				3A972B7E20CAE11D0024D4FC /* Main.storyboard */,
				3A972B9020CAE2A40024D4FC /* bg.png */,
				3A972B8D20CAE2A40024D4FC /* flappy1.png */,
				3A972B8E20CAE2A40024D4FC /* flappy2.png */,
				3A972B8F20CAE2A40024D4FC /* pipe1.png */,
				3A972B8C20CAE2A40024D4FC /* pipe2.png */,
				3A972B8120CAE11F0024D4FC /* Assets.xcassets */,
				3A972B8320CAE11F0024D4FC /* LaunchScreen.storyboard */,
				3A972B8620CAE11F0024D4FC /* Info.plist */,
			);
			path = "Flappy Bird";
			sourceTree = "<group>";
		};
/* End PBXGroup section */

/* Begin PBXNativeTarget section */
		3A972B7020CAE11D0024D4FC /* Flappy Bird */ = {
			isa = PBXNativeTarget;
			buildConfigurationList = 3A972B8920CAE11F0024D4FC /* Build configuration list for PBXNativeTarget "Flappy Bird" */;
			buildPhases = (
				3A972B6D20CAE11D0024D4FC /* Sources */,
				3A972B6E20CAE11D0024D4FC /* Frameworks */,
				3A972B6F20CAE11D0024D4FC /* Resources */,
			);
			buildRules = (
			);
			dependencies = (
			);
			name = "Flappy Bird";
			productName = "Flappy Bird";
			productReference = 3A972B7120CAE11D0024D4FC /* Flappy Bird.app */;
			productType = "com.apple.product-type.application";
		};
/* End PBXNativeTarget section */

/* Begin PBXProject section */
		3A972B6920CAE11D0024D4FC /* Project object */ = {
			isa = PBXProject;
			attributes = {
				LastSwiftUpdateCheck = 0930;
				LastUpgradeCheck = 0930;
				ORGANIZATIONNAME = "Lakshay Chhabra";
				TargetAttributes = {
					3A972B7020CAE11D0024D4FC = {
						CreatedOnToolsVersion = 9.3.1;
					};
				};
			};
			buildConfigurationList = 3A972B6C20CAE11D0024D4FC /* Build configuration list for PBXProject "Flappy Bird" */;
			compatibilityVersion = "Xcode 9.3";
			developmentRegion = en;
			hasScannedForEncodings = 0;
			knownRegions = (
				en,
				Base,
			);
			mainGroup = 3A972B6820CAE11D0024D4FC;
			productRefGroup = 3A972B7220CAE11D0024D4FC /* Products */;
			projectDirPath = "";
			projectRoot = "";
			targets = (
				3A972B7020CAE11D0024D4FC /* Flappy Bird */,
			);
		};
/* End PBXProject section */

/* Begin PBXResourcesBuildPhase section */
		3A972B6F20CAE11D0024D4FC /* Resources */ = {
			isa = PBXResourcesBuildPhase;
			buildActionMask = 2147483647;
			files = (
				3A972B9520CAE2A40024D4FC /* bg.png in Resources */,
				3A972B8020CAE11D0024D4FC /* Main.storyboard in Resources */,
				3A972B7720CAE11D0024D4FC /* GameScene.sks in Resources */,
				3A972B9120CAE2A40024D4FC /* pipe2.png in Resources */,
				3A972B8220CAE11F0024D4FC /* Assets.xcassets in Resources */,
				3A972B9320CAE2A40024D4FC /* flappy2.png in Resources */,
				3A972B9420CAE2A40024D4FC /* pipe1.png in Resources */,
				3A972B9220CAE2A40024D4FC /* flappy1.png in Resources */,
				3A972B8520CAE11F0024D4FC /* LaunchScreen.storyboard in Resources */,
				3A972B7920CAE11D0024D4FC /* Actions.sks in Resources */,
			);
			runOnlyForDeploymentPostprocessing = 0;
		};
/* End PBXResourcesBuildPhase section */

/* Begin PBXSourcesBuildPhase section */
		3A972B6D20CAE11D0024D4FC /* Sources */ = {
			isa = PBXSourcesBuildPhase;
			buildActionMask = 2147483647;
			files = (
				3A972B7B20CAE11D0024D4FC /* GameScene.swift in Sources */,
				3A972B7D20CAE11D0024D4FC /* GameViewController.swift in Sources */,
				3A972B7520CAE11D0024D4FC /* AppDelegate.swift in Sources */,
			);
			runOnlyForDeploymentPostprocessing = 0;
		};
/* End PBXSourcesBuildPhase section */

/* Begin PBXVariantGroup section */
		3A972B7E20CAE11D0024D4FC /* Main.storyboard */ = {
			isa = PBXVariantGroup;
			children = (
				3A972B7F20CAE11D0024D4FC /* Base */,
			);
			name = Main.storyboard;
			sourceTree = "<group>";
		};
		3A972B8320CAE11F0024D4FC /* LaunchScreen.storyboard */ = {
			isa = PBXVariantGroup;
			children = (
				3A972B8420CAE11F0024D4FC /* Base */,
			);
			name = LaunchScreen.storyboard;
			sourceTree = "<group>";
		};
/* End PBXVariantGroup section */

/* Begin XCBuildConfiguration section */
		3A972B8720CAE11F0024D4FC /* Debug */ = {
			isa = XCBuildConfiguration;
			buildSettings = {
				ALWAYS_SEARCH_USER_PATHS = NO;
				CLANG_ANALYZER_NONNULL = YES;
				CLANG_ANALYZER_NUMBER_OBJECT_CONVERSION = YES_AGGRESSIVE;
				CLANG_CXX_LANGUAGE_STANDARD = "gnu++14";
				CLANG_CXX_LIBRARY = "libc++";
				CLANG_ENABLE_MODULES = YES;
				CLANG_ENABLE_OBJC_ARC = YES;
				CLANG_ENABLE_OBJC_WEAK = YES;
				CLANG_WARN_BLOCK_CAPTURE_AUTORELEASING = YES;
				CLANG_WARN_BOOL_CONVERSION = YES;
				CLANG_WARN_COMMA = YES;
				CLANG_WARN_CONSTANT_CONVERSION = YES;
				CLANG_WARN_DEPRECATED_OBJC_IMPLEMENTATIONS = YES;
				CLANG_WARN_DIRECT_OBJC_ISA_USAGE = YES_ERROR;
				CLANG_WARN_DOCUMENTATION_COMMENTS = YES;
				CLANG_WARN_EMPTY_BODY = YES;
				CLANG_WARN_ENUM_CONVERSION = YES;
				CLANG_WARN_INFINITE_RECURSION = YES;
				CLANG_WARN_INT_CONVERSION = YES;
				CLANG_WARN_NON_LITERAL_NULL_CONVERSION = YES;
				CLANG_WARN_OBJC_IMPLICIT_RETAIN_SELF = YES;
				CLANG_WARN_OBJC_LITERAL_CONVERSION = YES;
				CLANG_WARN_OBJC_ROOT_CLASS = YES_ERROR;
				CLANG_WARN_RANGE_LOOP_ANALYSIS = YES;
				CLANG_WARN_STRICT_PROTOTYPES = YES;
				CLANG_WARN_SUSPICIOUS_MOVE = YES;
				CLANG_WARN_UNGUARDED_AVAILABILITY = YES_AGGRESSIVE;
				CLANG_WARN_UNREACHABLE_CODE = YES;
				CLANG_WARN__DUPLICATE_METHOD_MATCH = YES;
				CODE_SIGN_IDENTITY = "iPhone Developer";
				COPY_PHASE_STRIP = NO;
				DEBUG_INFORMATION_FORMAT = dwarf;
				ENABLE_STRICT_OBJC_MSGSEND = YES;
				ENABLE_TESTABILITY = YES;
				GCC_C_LANGUAGE_STANDARD = gnu11;
				GCC_DYNAMIC_NO_PIC = NO;
				GCC_NO_COMMON_BLOCKS = YES;
				GCC_OPTIMIZATION_LEVEL = 0;
				GCC_PREPROCESSOR_DEFINITIONS = (
					"DEBUG=1",
					"$(inherited)",
				);
				GCC_WARN_64_TO_32_BIT_CONVERSION = YES;
				GCC_WARN_ABOUT_RETURN_TYPE = YES_ERROR;
				GCC_WARN_UNDECLARED_SELECTOR = YES;
				GCC_WARN_UNINITIALIZED_AUTOS = YES_AGGRESSIVE;
				GCC_WARN_UNUSED_FUNCTION = YES;
				GCC_WARN_UNUSED_VARIABLE = YES;
				IPHONEOS_DEPLOYMENT_TARGET = 11.3;
				MTL_ENABLE_DEBUG_INFO = YES;
				ONLY_ACTIVE_ARCH = YES;
				SDKROOT = iphoneos;
				SWIFT_ACTIVE_COMPILATION_CONDITIONS = DEBUG;
				SWIFT_OPTIMIZATION_LEVEL = "-Onone";
			};
			name = Debug;
		};
		3A972B8820CAE11F0024D4FC /* Release */ = {
			isa = XCBuildConfiguration;
			buildSettings = {
				ALWAYS_SEARCH_USER_PATHS = NO;
				CLANG_ANALYZER_NONNULL = YES;
				CLANG_ANALYZER_NUMBER_OBJECT_CONVERSION = YES_AGGRESSIVE;
				CLANG_CXX_LANGUAGE_STANDARD = "gnu++14";
				CLANG_CXX_LIBRARY = "libc++";
				CLANG_ENABLE_MODULES = YES;
				CLANG_ENABLE_OBJC_ARC = YES;
				CLANG_ENABLE_OBJC_WEAK = YES;
				CLANG_WARN_BLOCK_CAPTURE_AUTORELEASING = YES;
				CLANG_WARN_BOOL_CONVERSION = YES;
				CLANG_WARN_COMMA = YES;
				CLANG_WARN_CONSTANT_CONVERSION = YES;
				CLANG_WARN_DEPRECATED_OBJC_IMPLEMENTATIONS = YES;
				CLANG_WARN_DIRECT_OBJC_ISA_USAGE = YES_ERROR;
				CLANG_WARN_DOCUMENTATION_COMMENTS = YES;
				CLANG_WARN_EMPTY_BODY = YES;
				CLANG_WARN_ENUM_CONVERSION = YES;
				CLANG_WARN_INFINITE_RECURSION = YES;
				CLANG_WARN_INT_CONVERSION = YES;
				CLANG_WARN_NON_LITERAL_NULL_CONVERSION = YES;
				CLANG_WARN_OBJC_IMPLICIT_RETAIN_SELF = YES;
				CLANG_WARN_OBJC_LITERAL_CONVERSION = YES;
				CLANG_WARN_OBJC_ROOT_CLASS = YES_ERROR;
				CLANG_WARN_RANGE_LOOP_ANALYSIS = YES;
				CLANG_WARN_STRICT_PROTOTYPES = YES;
				CLANG_WARN_SUSPICIOUS_MOVE = YES;
				CLANG_WARN_UNGUARDED_AVAILABILITY = YES_AGGRESSIVE;
				CLANG_WARN_UNREACHABLE_CODE = YES;
				CLANG_WARN__DUPLICATE_METHOD_MATCH = YES;
				CODE_SIGN_IDENTITY = "iPhone Developer";
				COPY_PHASE_STRIP = NO;
				DEBUG_INFORMATION_FORMAT = "dwarf-with-dsym";
				ENABLE_NS_ASSERTIONS = NO;
				ENABLE_STRICT_OBJC_MSGSEND = YES;
				GCC_C_LANGUAGE_STANDARD = gnu11;
				GCC_NO_COMMON_BLOCKS = YES;
				GCC_WARN_64_TO_32_BIT_CONVERSION = YES;
				GCC_WARN_ABOUT_RETURN_TYPE = YES_ERROR;
				GCC_WARN_UNDECLARED_SELECTOR = YES;
				GCC_WARN_UNINITIALIZED_AUTOS = YES_AGGRESSIVE;
				GCC_WARN_UNUSED_FUNCTION = YES;
				GCC_WARN_UNUSED_VARIABLE = YES;
				IPHONEOS_DEPLOYMENT_TARGET = 11.3;
				MTL_ENABLE_DEBUG_INFO = NO;
				SDKROOT = iphoneos;
				SWIFT_COMPILATION_MODE = wholemodule;
				SWIFT_OPTIMIZATION_LEVEL = "-O";
				VALIDATE_PRODUCT = YES;
			};
			name = Release;
		};
		3A972B8A20CAE11F0024D4FC /* Debug */ = {
			isa = XCBuildConfiguration;
			buildSettings = {
				ASSETCATALOG_COMPILER_APPICON_NAME = AppIcon;
				CODE_SIGN_STYLE = Automatic;
				INFOPLIST_FILE = "Flappy Bird/Info.plist";
				LD_RUNPATH_SEARCH_PATHS = (
					"$(inherited)",
					"@executable_path/Frameworks",
				);
				PRODUCT_BUNDLE_IDENTIFIER = "me.lakshay.Flappy-Bird";
				PRODUCT_NAME = "$(TARGET_NAME)";
				SWIFT_VERSION = 4.0;
				TARGETED_DEVICE_FAMILY = "1,2";
			};
			name = Debug;
		};
		3A972B8B20CAE11F0024D4FC /* Release */ = {
			isa = XCBuildConfiguration;
			buildSettings = {
				ASSETCATALOG_COMPILER_APPICON_NAME = AppIcon;
				CODE_SIGN_STYLE = Automatic;
				INFOPLIST_FILE = "Flappy Bird/Info.plist";
				LD_RUNPATH_SEARCH_PATHS = (
					"$(inherited)",
					"@executable_path/Frameworks",
				);
				PRODUCT_BUNDLE_IDENTIFIER = "me.lakshay.Flappy-Bird";
				PRODUCT_NAME = "$(TARGET_NAME)";
				SWIFT_VERSION = 4.0;
				TARGETED_DEVICE_FAMILY = "1,2";
			};
			name = Release;
		};
/* End XCBuildConfiguration section */

/* Begin XCConfigurationList section */
		3A972B6C20CAE11D0024D4FC /* Build configuration list for PBXProject "Flappy Bird" */ = {
			isa = XCConfigurationList;
			buildConfigurations = (
				3A972B8720CAE11F0024D4FC /* Debug */,
				3A972B8820CAE11F0024D4FC /* Release */,
			);
			defaultConfigurationIsVisible = 0;
			defaultConfigurationName = Release;
		};
		3A972B8920CAE11F0024D4FC /* Build configuration list for PBXNativeTarget "Flappy Bird" */ = {
			isa = XCConfigurationList;
			buildConfigurations = (
				3A972B8A20CAE11F0024D4FC /* Debug */,
				3A972B8B20CAE11F0024D4FC /* Release */,
			);
			defaultConfigurationIsVisible = 0;
			defaultConfigurationName = Release;
		};
/* End XCConfigurationList section */
	};
	rootObject = 3A972B6920CAE11D0024D4FC /* Project object */;
}
